Microsoft Visual Studio Solution File, Format Version 11.00
# Visual Studio 2008

Project("{44FDFD6B-7724-2931-B681-916E068474E2}") = "temple", "Assembly-CSharp-firstpass-vs.csproj", "{577B8540-BF4D-595C-D4F2-EE42EC9B512E}"
EndProject
Project("{44FDFD6B-7724-2931-B681-916E068474E2}") = "temple", "Assembly-CSharp-vs.csproj", "{72641751-4E5E-6AA3-51C4-599E4E8D9C23}"
EndProject
Project("{44FDFD6B-7724-2931-B681-916E068474E2}") = "temple", "Assembly-CSharp-Editor-vs.csproj", "{BA3FC532-4094-D737-3F51-8344969FB8BA}"
EndProject
Global
	GlobalSection(SolutionConfigurationPlatforms) = preSolution
		Debug|Any CPU = Debug|Any CPU
		Release|Any CPU = Release|Any CPU
	EndGlobalSection
	GlobalSection(ProjectConfigurationPlatforms) = postSolution
		{577B8540-BF4D-595C-D4F2-EE42EC9B512E}.Debug|Any CPU.ActiveCfg = Debug|Any CPU
		{577B8540-BF4D-595C-D4F2-EE42EC9B512E}.Debug|Any CPU.Build.0 = Debug|Any CPU
		{577B8540-BF4D-595C-D4F2-EE42EC9B512E}.Release|Any CPU.ActiveCfg = Release|Any CPU
		{577B8540-BF4D-595C-D4F2-EE42EC9B512E}.Release|Any CPU.Build.0 = Release|Any CPU
		{72641751-4E5E-6AA3-51C4-599E4E8D9C23}.Debug|Any CPU.ActiveCfg = Debug|Any CPU
		{72641751-4E5E-6AA3-51C4-599E4E8D9C23}.Debug|Any CPU.Build.0 = Debug|Any CPU
		{72641751-4E5E-6AA3-51C4-599E4E8D9C23}.Release|Any CPU.ActiveCfg = Release|Any CPU
		{72641751-4E5E-6AA3-51C4-599E4E8D9C23}.Release|Any CPU.Build.0 = Release|Any CPU
		{BA3FC532-4094-D737-3F51-8344969FB8BA}.Debug|Any CPU.ActiveCfg = Debug|Any CPU
		{BA3FC532-4094-D737-3F51-8344969FB8BA}.Debug|Any CPU.Build.0 = Debug|Any CPU
		{BA3FC532-4094-D737-3F51-8344969FB8BA}.Release|Any CPU.ActiveCfg = Release|Any CPU
		{BA3FC532-4094-D737-3F51-8344969FB8BA}.Release|Any CPU.Build.0 = Release|Any CPU
	EndGlobalSection
	GlobalSection(SolutionProperties) = preSolution
		HideSolutionNode = FALSE
	EndGlobalSection
											GlobalSection(MonoDevelopProperties) = preSolution
		StartupItem = Assembly-CSharp.csproj
		Policies = $0
		$0.TextStylePolicy = $1
		$1.inheritsSet = null
		$1.scope = text/x-csharp
		$0.CSharpFormattingPolicy = $2
		$2.inheritsSet = Mono
		$2.inheritsScope = text/x-csharp
		$2.scope = text/x-csharp
		$0.TextStylePolicy = $3
		$3.FileWidth = 120
		$3.TabWidth = 4
		$3.IndentWidth = 4
		$3.EolMarker = Unix
		$3.inheritsSet = Mono
		$3.inheritsScope = text/plain
		$3.scope = text/plain
	EndGlobalSection

EndGlobal
